
Microsoft Visual Studio Solution File, Format Version 12.00
# Visual Studio Version 17
VisualStudioVersion = 17.5.33502.453
MinimumVisualStudioVersion = 10.0.40219.1
Project("{9A19103F-16F7-4668-BE54-9A1E7A4F7556}") = "IJ.Domain", "IJ.Domain\IJ.Domain.csproj", "{5AEAF7D4-6721-4B19-9EF4-D80E9E1ACA44}"
EndProject
Project("{FAE04EC0-301F-11D3-BF4B-00C04F79EFBC}") = "IJ.Infrastructure", "IJ.Infrastructure\IJ.Infrastructure.csproj", "{14A7A54A-0D76-4DD2-8F1F-7CEC3CD36221}"
	ProjectSection(ProjectDependencies) = postProject
		{5AEAF7D4-6721-4B19-9EF4-D80E9E1ACA44} = {5AEAF7D4-6721-4B19-9EF4-D80E9E1ACA44}
	EndProjectSection
EndProject
Project("{FAE04EC0-301F-11D3-BF4B-00C04F79EFBC}") = "IJ.API", "IJ.API\IJ.API.csproj", "{4E95054C-8F99-4972-9C05-F46F5DF62DF0}"
EndProject
Global
	GlobalSection(SolutionConfigurationPlatforms) = preSolution
		Debug|Any CPU = Debug|Any CPU
		Release|Any CPU = Release|Any CPU
	EndGlobalSection
	GlobalSection(ProjectConfigurationPlatforms) = postSolution
		{5AEAF7D4-6721-4B19-9EF4-D80E9E1ACA44}.Debug|Any CPU.ActiveCfg = Debug|Any CPU
		{5AEAF7D4-6721-4B19-9EF4-D80E9E1ACA44}.Debug|Any CPU.Build.0 = Debug|Any CPU
		{5AEAF7D4-6721-4B19-9EF4-D80E9E1ACA44}.Release|Any CPU.ActiveCfg = Release|Any CPU
		{5AEAF7D4-6721-4B19-9EF4-D80E9E1ACA44}.Release|Any CPU.Build.0 = Release|Any CPU
		{14A7A54A-0D76-4DD2-8F1F-7CEC3CD36221}.Debug|Any CPU.ActiveCfg = Debug|Any CPU
		{14A7A54A-0D76-4DD2-8F1F-7CEC3CD36221}.Debug|Any CPU.Build.0 = Debug|Any CPU
		{14A7A54A-0D76-4DD2-8F1F-7CEC3CD36221}.Release|Any CPU.ActiveCfg = Release|Any CPU
		{14A7A54A-0D76-4DD2-8F1F-7CEC3CD36221}.Release|Any CPU.Build.0 = Release|Any CPU
		{4E95054C-8F99-4972-9C05-F46F5DF62DF0}.Debug|Any CPU.ActiveCfg = Debug|Any CPU
		{4E95054C-8F99-4972-9C05-F46F5DF62DF0}.Debug|Any CPU.Build.0 = Debug|Any CPU
		{4E95054C-8F99-4972-9C05-F46F5DF62DF0}.Release|Any CPU.ActiveCfg = Release|Any CPU
		{4E95054C-8F99-4972-9C05-F46F5DF62DF0}.Release|Any CPU.Build.0 = Release|Any CPU
	EndGlobalSection
	GlobalSection(SolutionProperties) = preSolution
		HideSolutionNode = FALSE
	EndGlobalSection
	GlobalSection(ExtensibilityGlobals) = postSolution
		SolutionGuid = {C50F260F-98DC-4D1B-B123-6D6F095CEB0A}
	EndGlobalSection
EndGlobal
